
Microsoft Visual Studio Solution File, Format Version 12.00
# Visual Studio Version 17
VisualStudioVersion = 17.2.32630.192
MinimumVisualStudioVersion = 10.0.40219.1
Project("{FAE04EC0-301F-11D3-BF4B-00C04F79EFBC}") = "Training.Polymorphism.Inheritance", "Training.Polymorphism.Inheritance\Training.Polymorphism.Inheritance.csproj", "{D10F8CC7-9AA9-4B12-A294-3D1C8DFB49D6}"
EndProject
Global
	GlobalSection(SolutionConfigurationPlatforms) = preSolution
		Debug|Any CPU = Debug|Any CPU
		Release|Any CPU = Release|Any CPU
	EndGlobalSection
	GlobalSection(ProjectConfigurationPlatforms) = postSolution
		{D10F8CC7-9AA9-4B12-A294-3D1C8DFB49D6}.Debug|Any CPU.ActiveCfg = Debug|Any CPU
		{D10F8CC7-9AA9-4B12-A294-3D1C8DFB49D6}.Debug|Any CPU.Build.0 = Debug|Any CPU
		{D10F8CC7-9AA9-4B12-A294-3D1C8DFB49D6}.Release|Any CPU.ActiveCfg = Release|Any CPU
		{D10F8CC7-9AA9-4B12-A294-3D1C8DFB49D6}.Release|Any CPU.Build.0 = Release|Any CPU
	EndGlobalSection
	GlobalSection(SolutionProperties) = preSolution
		HideSolutionNode = FALSE
	EndGlobalSection
	GlobalSection(ExtensibilityGlobals) = postSolution
		SolutionGuid = {B9E1D3B9-ABD8-426C-8FDE-856D13EA0D2C}
	EndGlobalSection
EndGlobal
